
Microsoft Visual Studio Solution File, Format Version 12.00
# Visual Studio Version 16
VisualStudioVersion = 16.0.29519.87
MinimumVisualStudioVersion = 10.0.40219.1
Project("{9A19103F-16F7-4668-BE54-9A1E7A4F7556}") = "SportsStore", "SportsStore\SportsStore.csproj", "{5F8C499B-3C49-4521-8961-157043778D07}"
EndProject
Project("{FAE04EC0-301F-11D3-BF4B-00C04F79EFBC}") = "SportsStore.Tests", "SportsStore.Tests\SportsStore.Tests.csproj", "{750AE91D-CC4C-4DDE-AE1C-78A706432352}"
EndProject
Global
	GlobalSection(SolutionConfigurationPlatforms) = preSolution
		Debug|Any CPU = Debug|Any CPU
		Release|Any CPU = Release|Any CPU
	EndGlobalSection
	GlobalSection(ProjectConfigurationPlatforms) = postSolution
		{5F8C499B-3C49-4521-8961-157043778D07}.Debug|Any CPU.ActiveCfg = Debug|Any CPU
		{5F8C499B-3C49-4521-8961-157043778D07}.Debug|Any CPU.Build.0 = Debug|Any CPU
		{5F8C499B-3C49-4521-8961-157043778D07}.Release|Any CPU.ActiveCfg = Release|Any CPU
		{5F8C499B-3C49-4521-8961-157043778D07}.Release|Any CPU.Build.0 = Release|Any CPU
		{750AE91D-CC4C-4DDE-AE1C-78A706432352}.Debug|Any CPU.ActiveCfg = Debug|Any CPU
		{750AE91D-CC4C-4DDE-AE1C-78A706432352}.Debug|Any CPU.Build.0 = Debug|Any CPU
		{750AE91D-CC4C-4DDE-AE1C-78A706432352}.Release|Any CPU.ActiveCfg = Release|Any CPU
		{750AE91D-CC4C-4DDE-AE1C-78A706432352}.Release|Any CPU.Build.0 = Release|Any CPU
	EndGlobalSection
	GlobalSection(SolutionProperties) = preSolution
		HideSolutionNode = FALSE
	EndGlobalSection
	GlobalSection(ExtensibilityGlobals) = postSolution
		SolutionGuid = {FC834A30-3719-4FF9-9356-6409855A09AA}
	EndGlobalSection
EndGlobal
