
Microsoft Visual Studio Solution File, Format Version 12.00
# Visual Studio Version 16
VisualStudioVersion = 16.0.29519.87
MinimumVisualStudioVersion = 10.0.40219.1
Project("{9A19103F-16F7-4668-BE54-9A1E7A4F7556}") = "UsingViewComponent", "UsingViewComponent\UsingViewComponent.csproj", "{227CADA3-2E2C-41FD-8568-02942F137A25}"
EndProject
Project("{FAE04EC0-301F-11D3-BF4B-00C04F79EFBC}") = "UsingViewComponents.Tests", "UsingViewComponents.Tests\UsingViewComponents.Tests.csproj", "{3EEE5D47-AE6F-428D-A1BA-3DAC7EFACA5F}"
EndProject
Global
	GlobalSection(SolutionConfigurationPlatforms) = preSolution
		Debug|Any CPU = Debug|Any CPU
		Release|Any CPU = Release|Any CPU
	EndGlobalSection
	GlobalSection(ProjectConfigurationPlatforms) = postSolution
		{227CADA3-2E2C-41FD-8568-02942F137A25}.Debug|Any CPU.ActiveCfg = Debug|Any CPU
		{227CADA3-2E2C-41FD-8568-02942F137A25}.Debug|Any CPU.Build.0 = Debug|Any CPU
		{227CADA3-2E2C-41FD-8568-02942F137A25}.Release|Any CPU.ActiveCfg = Release|Any CPU
		{227CADA3-2E2C-41FD-8568-02942F137A25}.Release|Any CPU.Build.0 = Release|Any CPU
		{3EEE5D47-AE6F-428D-A1BA-3DAC7EFACA5F}.Debug|Any CPU.ActiveCfg = Debug|Any CPU
		{3EEE5D47-AE6F-428D-A1BA-3DAC7EFACA5F}.Debug|Any CPU.Build.0 = Debug|Any CPU
		{3EEE5D47-AE6F-428D-A1BA-3DAC7EFACA5F}.Release|Any CPU.ActiveCfg = Release|Any CPU
		{3EEE5D47-AE6F-428D-A1BA-3DAC7EFACA5F}.Release|Any CPU.Build.0 = Release|Any CPU
	EndGlobalSection
	GlobalSection(SolutionProperties) = preSolution
		HideSolutionNode = FALSE
	EndGlobalSection
	GlobalSection(ExtensibilityGlobals) = postSolution
		SolutionGuid = {9769E7A1-3C67-47CC-A949-0887676EE1D5}
	EndGlobalSection
EndGlobal
