
Microsoft Visual Studio Solution File, Format Version 12.00
# Visual Studio Version 16
VisualStudioVersion = 16.0.29519.87
MinimumVisualStudioVersion = 10.0.40219.1
Project("{FAE04EC0-301F-11D3-BF4B-00C04F79EFBC}") = "Views", "Views\Views.csproj", "{56F4821C-D032-446F-838A-4A588A2CB7A7}"
EndProject
Global
	GlobalSection(SolutionConfigurationPlatforms) = preSolution
		Debug|Any CPU = Debug|Any CPU
		Release|Any CPU = Release|Any CPU
	EndGlobalSection
	GlobalSection(ProjectConfigurationPlatforms) = postSolution
		{56F4821C-D032-446F-838A-4A588A2CB7A7}.Debug|Any CPU.ActiveCfg = Debug|Any CPU
		{56F4821C-D032-446F-838A-4A588A2CB7A7}.Debug|Any CPU.Build.0 = Debug|Any CPU
		{56F4821C-D032-446F-838A-4A588A2CB7A7}.Release|Any CPU.ActiveCfg = Release|Any CPU
		{56F4821C-D032-446F-838A-4A588A2CB7A7}.Release|Any CPU.Build.0 = Release|Any CPU
	EndGlobalSection
	GlobalSection(SolutionProperties) = preSolution
		HideSolutionNode = FALSE
	EndGlobalSection
	GlobalSection(ExtensibilityGlobals) = postSolution
		SolutionGuid = {2165EA54-3655-4B94-B07F-D83DC9C8804F}
	EndGlobalSection
EndGlobal
