
Microsoft Visual Studio Solution File, Format Version 12.00
# Visual Studio Version 16
VisualStudioVersion = 16.0.29519.87
MinimumVisualStudioVersion = 10.0.40219.1
Project("{9A19103F-16F7-4668-BE54-9A1E7A4F7556}") = "Team", "Team\Team.csproj", "{1FFE4EB5-FDF3-418A-A17D-4DA9380FA39D}"
EndProject
Project("{FAE04EC0-301F-11D3-BF4B-00C04F79EFBC}") = "Team.UI", "Team.UI\Team.UI.csproj", "{4946EFB0-7FAB-47E3-9735-07D53A9A34C0}"
EndProject
Global
	GlobalSection(SolutionConfigurationPlatforms) = preSolution
		Debug|Any CPU = Debug|Any CPU
		Release|Any CPU = Release|Any CPU
	EndGlobalSection
	GlobalSection(ProjectConfigurationPlatforms) = postSolution
		{1FFE4EB5-FDF3-418A-A17D-4DA9380FA39D}.Debug|Any CPU.ActiveCfg = Debug|Any CPU
		{1FFE4EB5-FDF3-418A-A17D-4DA9380FA39D}.Debug|Any CPU.Build.0 = Debug|Any CPU
		{1FFE4EB5-FDF3-418A-A17D-4DA9380FA39D}.Release|Any CPU.ActiveCfg = Release|Any CPU
		{1FFE4EB5-FDF3-418A-A17D-4DA9380FA39D}.Release|Any CPU.Build.0 = Release|Any CPU
		{4946EFB0-7FAB-47E3-9735-07D53A9A34C0}.Debug|Any CPU.ActiveCfg = Debug|Any CPU
		{4946EFB0-7FAB-47E3-9735-07D53A9A34C0}.Debug|Any CPU.Build.0 = Debug|Any CPU
		{4946EFB0-7FAB-47E3-9735-07D53A9A34C0}.Release|Any CPU.ActiveCfg = Release|Any CPU
		{4946EFB0-7FAB-47E3-9735-07D53A9A34C0}.Release|Any CPU.Build.0 = Release|Any CPU
	EndGlobalSection
	GlobalSection(SolutionProperties) = preSolution
		HideSolutionNode = FALSE
	EndGlobalSection
	GlobalSection(ExtensibilityGlobals) = postSolution
		SolutionGuid = {EE727E1F-3697-4163-BA7F-8574DB326719}
	EndGlobalSection
EndGlobal
