
Microsoft Visual Studio Solution File, Format Version 12.00
# Visual Studio Version 16
VisualStudioVersion = 16.0.29418.71
MinimumVisualStudioVersion = 10.0.40219.1
Project("{9A19103F-16F7-4668-BE54-9A1E7A4F7556}") = "WorkingWithVisualStudio2", "WorkingWithVisualStudio2\WorkingWithVisualStudio2.csproj", "{85AC6F5F-872E-4B52-AF00-75E91B822DF3}"
EndProject
Project("{FAE04EC0-301F-11D3-BF4B-00C04F79EFBC}") = "WorkingWithVisualStudio2.Tests", "WorkingWithVisualStudio2.Tests\WorkingWithVisualStudio2.Tests.csproj", "{0E95CB4E-DECF-4B37-8530-FD7040BAB5B9}"
EndProject
Global
	GlobalSection(SolutionConfigurationPlatforms) = preSolution
		Debug|Any CPU = Debug|Any CPU
		Release|Any CPU = Release|Any CPU
	EndGlobalSection
	GlobalSection(ProjectConfigurationPlatforms) = postSolution
		{85AC6F5F-872E-4B52-AF00-75E91B822DF3}.Debug|Any CPU.ActiveCfg = Debug|Any CPU
		{85AC6F5F-872E-4B52-AF00-75E91B822DF3}.Debug|Any CPU.Build.0 = Debug|Any CPU
		{85AC6F5F-872E-4B52-AF00-75E91B822DF3}.Release|Any CPU.ActiveCfg = Release|Any CPU
		{85AC6F5F-872E-4B52-AF00-75E91B822DF3}.Release|Any CPU.Build.0 = Release|Any CPU
		{0E95CB4E-DECF-4B37-8530-FD7040BAB5B9}.Debug|Any CPU.ActiveCfg = Debug|Any CPU
		{0E95CB4E-DECF-4B37-8530-FD7040BAB5B9}.Debug|Any CPU.Build.0 = Debug|Any CPU
		{0E95CB4E-DECF-4B37-8530-FD7040BAB5B9}.Release|Any CPU.ActiveCfg = Release|Any CPU
		{0E95CB4E-DECF-4B37-8530-FD7040BAB5B9}.Release|Any CPU.Build.0 = Release|Any CPU
	EndGlobalSection
	GlobalSection(SolutionProperties) = preSolution
		HideSolutionNode = FALSE
	EndGlobalSection
	GlobalSection(ExtensibilityGlobals) = postSolution
		SolutionGuid = {F547C5FA-6042-4E30-8665-661CB8813F26}
	EndGlobalSection
EndGlobal
