
Microsoft Visual Studio Solution File, Format Version 12.00
# Visual Studio Version 16
VisualStudioVersion = 16.0.29519.87
MinimumVisualStudioVersion = 10.0.40219.1
Project("{FAE04EC0-301F-11D3-BF4B-00C04F79EFBC}") = "ConventionsAndConstraints", "ConventionsAndConstraints\ConventionsAndConstraints.csproj", "{4B6D6AC5-92F1-4CC9-969C-C5CB62FC9363}"
EndProject
Global
	GlobalSection(SolutionConfigurationPlatforms) = preSolution
		Debug|Any CPU = Debug|Any CPU
		Release|Any CPU = Release|Any CPU
	EndGlobalSection
	GlobalSection(ProjectConfigurationPlatforms) = postSolution
		{4B6D6AC5-92F1-4CC9-969C-C5CB62FC9363}.Debug|Any CPU.ActiveCfg = Debug|Any CPU
		{4B6D6AC5-92F1-4CC9-969C-C5CB62FC9363}.Debug|Any CPU.Build.0 = Debug|Any CPU
		{4B6D6AC5-92F1-4CC9-969C-C5CB62FC9363}.Release|Any CPU.ActiveCfg = Release|Any CPU
		{4B6D6AC5-92F1-4CC9-969C-C5CB62FC9363}.Release|Any CPU.Build.0 = Release|Any CPU
	EndGlobalSection
	GlobalSection(SolutionProperties) = preSolution
		HideSolutionNode = FALSE
	EndGlobalSection
	GlobalSection(ExtensibilityGlobals) = postSolution
		SolutionGuid = {8F3ECCAD-110E-48E0-8256-DF72556B60E4}
	EndGlobalSection
EndGlobal
