
Microsoft Visual Studio Solution File, Format Version 12.00
# Visual Studio Version 16
VisualStudioVersion = 16.0.29519.87
MinimumVisualStudioVersion = 10.0.40219.1
Project("{9A19103F-16F7-4668-BE54-9A1E7A4F7556}") = "Cities", "Cities\Cities.csproj", "{D3D85058-9D70-4712-B4AA-B2DC224F1A97}"
EndProject
Project("{FAE04EC0-301F-11D3-BF4B-00C04F79EFBC}") = "Cities.Tests", "Cities.Tests\Cities.Tests.csproj", "{AC917780-349D-4566-8231-6F249EA29F04}"
EndProject
Global
	GlobalSection(SolutionConfigurationPlatforms) = preSolution
		Debug|Any CPU = Debug|Any CPU
		Release|Any CPU = Release|Any CPU
	EndGlobalSection
	GlobalSection(ProjectConfigurationPlatforms) = postSolution
		{D3D85058-9D70-4712-B4AA-B2DC224F1A97}.Debug|Any CPU.ActiveCfg = Debug|Any CPU
		{D3D85058-9D70-4712-B4AA-B2DC224F1A97}.Debug|Any CPU.Build.0 = Debug|Any CPU
		{D3D85058-9D70-4712-B4AA-B2DC224F1A97}.Release|Any CPU.ActiveCfg = Release|Any CPU
		{D3D85058-9D70-4712-B4AA-B2DC224F1A97}.Release|Any CPU.Build.0 = Release|Any CPU
		{AC917780-349D-4566-8231-6F249EA29F04}.Debug|Any CPU.ActiveCfg = Debug|Any CPU
		{AC917780-349D-4566-8231-6F249EA29F04}.Debug|Any CPU.Build.0 = Debug|Any CPU
		{AC917780-349D-4566-8231-6F249EA29F04}.Release|Any CPU.ActiveCfg = Release|Any CPU
		{AC917780-349D-4566-8231-6F249EA29F04}.Release|Any CPU.Build.0 = Release|Any CPU
	EndGlobalSection
	GlobalSection(SolutionProperties) = preSolution
		HideSolutionNode = FALSE
	EndGlobalSection
	GlobalSection(ExtensibilityGlobals) = postSolution
		SolutionGuid = {5D2D0886-7E07-45E1-95B7-77F22EFD423C}
	EndGlobalSection
EndGlobal
