
Microsoft Visual Studio Solution File, Format Version 12.00
# Visual Studio Version 16
VisualStudioVersion = 16.0.29519.87
MinimumVisualStudioVersion = 10.0.40219.1
Project("{FAE04EC0-301F-11D3-BF4B-00C04F79EFBC}") = "ApiControllers", "ApiControllers\ApiControllers.csproj", "{F58F8DCB-6EA2-495C-AD2A-439C243AD109}"
EndProject
Global
	GlobalSection(SolutionConfigurationPlatforms) = preSolution
		Debug|Any CPU = Debug|Any CPU
		Release|Any CPU = Release|Any CPU
	EndGlobalSection
	GlobalSection(ProjectConfigurationPlatforms) = postSolution
		{F58F8DCB-6EA2-495C-AD2A-439C243AD109}.Debug|Any CPU.ActiveCfg = Debug|Any CPU
		{F58F8DCB-6EA2-495C-AD2A-439C243AD109}.Debug|Any CPU.Build.0 = Debug|Any CPU
		{F58F8DCB-6EA2-495C-AD2A-439C243AD109}.Release|Any CPU.ActiveCfg = Release|Any CPU
		{F58F8DCB-6EA2-495C-AD2A-439C243AD109}.Release|Any CPU.Build.0 = Release|Any CPU
	EndGlobalSection
	GlobalSection(SolutionProperties) = preSolution
		HideSolutionNode = FALSE
	EndGlobalSection
	GlobalSection(ExtensibilityGlobals) = postSolution
		SolutionGuid = {68609A65-95DF-43CB-BD15-BCC7DB72EB64}
	EndGlobalSection
EndGlobal
